# This file is automatically @generated by Cargo.
# It is not intended for manual editing.
version = 4

[[package]]
name = "playtest-adapters"
version = "0.0.0"
dependencies = [
 "playtest-ports",
]

[[package]]
name = "playtest-agents"
version = "0.0.0"
dependencies = [
 "playtest-core",
 "playtest-ports",
]

[[package]]
name = "playtest-cli"
version = "0.0.0"
dependencies = [
 "playtest-adapters",
 "playtest-agents",
 "playtest-core",
 "playtest-cribbage",
 "playtest-log",
 "playtest-metrics",
 "playtest-ports",
]

[[package]]
name = "playtest-core"
version = "0.0.0"

[[package]]
name = "playtest-cribbage"
version = "0.0.0"
dependencies = [
 "playtest-core",
 "playtest-ports",
]

[[package]]
name = "playtest-log"
version = "0.0.0"
dependencies = [
 "playtest-core",
 "playtest-ports",
]

[[package]]
name = "playtest-metrics"
version = "0.0.0"
dependencies = [
 "playtest-core",
 "playtest-log",
]

[[package]]
name = "playtest-ports"
version = "0.0.0"
